// !$*UTF8*$!
{
	archiveVersion = 1;
	classes = {
	};
	objectVersion = 46;
	objects = {

/* Begin PBXBuildFile section */
		5D8568AE1B3B1DCF00582211 /* main.m in Sources */ = {isa = PBXBuildFile; fileRef = 5D8568AD1B3B1DCF00582211 /* main.m */; };
		5D8568B11B3B1DCF00582211 /* AppDelegate.m in Sources */ = {isa = PBXBuildFile; fileRef = 5D8568B01B3B1DCF00582211 /* AppDelegate.m */; };
		5D8568B41B3B1DCF00582211 /* DownloadProgress.xcdatamodeld in Sources */ = {isa = PBXBuildFile; fileRef = 5D8568B21B3B1DCF00582211 /* DownloadProgress.xcdatamodeld */; };
		5D8568B71B3B1DCF00582211 /* ViewController.m in Sources */ = {isa = PBXBuildFile; fileRef = 5D8568B61B3B1DCF00582211 /* ViewController.m */; };
		5D8568BA1B3B1DCF00582211 /* Main.storyboard in Resources */ = {isa = PBXBuildFile; fileRef = 5D8568B81B3B1DCF00582211 /* Main.storyboard */; };
		5D8568BC1B3B1DCF00582211 /* Images.xcassets in Resources */ = {isa = PBXBuildFile; fileRef = 5D8568BB1B3B1DCF00582211 /* Images.xcassets */; };
		5D8568BF1B3B1DCF00582211 /* LaunchScreen.xib in Resources */ = {isa = PBXBuildFile; fileRef = 5D8568BD1B3B1DCF00582211 /* LaunchScreen.xib */; };
		5D8568CB1B3B1DCF00582211 /* DownloadProgressTests.m in Sources */ = {isa = PBXBuildFile; fileRef = 5D8568CA1B3B1DCF00582211 /* DownloadProgressTests.m */; };
/* End PBXBuildFile section */

/* Begin PBXContainerItemProxy section */
		5D8568C51B3B1DCF00582211 /* PBXContainerItemProxy */ = {
			isa = PBXContainerItemProxy;
			containerPortal = 5D8568A01B3B1DCF00582211 /* Project object */;
			proxyType = 1;
			remoteGlobalIDString = 5D8568A71B3B1DCF00582211;
			remoteInfo = DownloadProgress;
		};
/* End PBXContainerItemProxy section */

/* Begin PBXFileReference section */
		5D8568A81B3B1DCF00582211 /* DownloadProgress.app */ = {isa = PBXFileReference; explicitFileType = wrapper.application; includeInIndex = 0; path = DownloadProgress.app; sourceTree = BUILT_PRODUCTS_DIR; };
		5D8568AC1B3B1DCF00582211 /* Info.plist */ = {isa = PBXFileReference; lastKnownFileType = text.plist.xml; path = Info.plist; sourceTree = "<group>"; };
		5D8568AD1B3B1DCF00582211 /* main.m */ = {isa = PBXFileReference; lastKnownFileType = sourcecode.c.objc; path = main.m; sourceTree = "<group>"; };
		5D8568AF1B3B1DCF00582211 /* AppDelegate.h */ = {isa = PBXFileReference; lastKnownFileType = sourcecode.c.h; path = AppDelegate.h; sourceTree = "<group>"; };
		5D8568B01B3B1DCF00582211 /* AppDelegate.m */ = {isa = PBXFileReference; lastKnownFileType = sourcecode.c.objc; path = AppDelegate.m; sourceTree = "<group>"; };
		5D8568B31B3B1DCF00582211 /* DownloadProgress.xcdatamodel */ = {isa = PBXFileReference; lastKnownFileType = wrapper.xcdatamodel; path = DownloadProgress.xcdatamodel; sourceTree = "<group>"; };
		5D8568B51B3B1DCF00582211 /* ViewController.h */ = {isa = PBXFileReference; lastKnownFileType = sourcecode.c.h; path = ViewController.h; sourceTree = "<group>"; };
		5D8568B61B3B1DCF00582211 /* ViewController.m */ = {isa = PBXFileReference; lastKnownFileType = sourcecode.c.objc; path = ViewController.m; sourceTree = "<group>"; };
		5D8568B91B3B1DCF00582211 /* Base */ = {isa = PBXFileReference; lastKnownFileType = file.storyboard; name = Base; path = Base.lproj/Main.storyboard; sourceTree = "<group>"; };
		5D8568BB1B3B1DCF00582211 /* Images.xcassets */ = {isa = PBXFileReference; lastKnownFileType = folder.assetcatalog; path = Images.xcassets; sourceTree = "<group>"; };
		5D8568BE1B3B1DCF00582211 /* Base */ = {isa = PBXFileReference; lastKnownFileType = file.xib; name = Base; path = Base.lproj/LaunchScreen.xib; sourceTree = "<group>"; };
		5D8568C41B3B1DCF00582211 /* DownloadProgressTests.xctest */ = {isa = PBXFileReference; explicitFileType = wrapper.cfbundle; includeInIndex = 0; path = DownloadProgressTests.xctest; sourceTree = BUILT_PRODUCTS_DIR; };
		5D8568C91B3B1DCF00582211 /* Info.plist */ = {isa = PBXFileReference; lastKnownFileType = text.plist.xml; path = Info.plist; sourceTree = "<group>"; };
		5D8568CA1B3B1DCF00582211 /* DownloadProgressTests.m */ = {isa = PBXFileReference; lastKnownFileType = sourcecode.c.objc; path = DownloadProgressTests.m; sourceTree = "<group>"; };
/* End PBXFileReference section */

/* Begin PBXFrameworksBuildPhase section */
		5D8568A51B3B1DCF00582211 /* Frameworks */ = {
			isa = PBXFrameworksBuildPhase;
			buildActionMask = 2147483647;
			files = (
			);
			runOnlyForDeploymentPostprocessing = 0;
		};
		5D8568C11B3B1DCF00582211 /* Frameworks */ = {
			isa = PBXFrameworksBuildPhase;
			buildActionMask = 2147483647;
			files = (
			);
			runOnlyForDeploymentPostprocessing = 0;
		};
/* End PBXFrameworksBuildPhase section */

/* Begin PBXGroup section */
		5D85689F1B3B1DCF00582211 = {
			isa = PBXGroup;
			children = (
				5D8568AA1B3B1DCF00582211 /* DownloadProgress */,
				5D8568C71B3B1DCF00582211 /* DownloadProgressTests */,
				5D8568A91B3B1DCF00582211 /* Products */,
			);
			sourceTree = "<group>";
		};
		5D8568A91B3B1DCF00582211 /* Products */ = {
			isa = PBXGroup;
			children = (
				5D8568A81B3B1DCF00582211 /* DownloadProgress.app */,
				5D8568C41B3B1DCF00582211 /* DownloadProgressTests.xctest */,
			);
			name = Products;
			sourceTree = "<group>";
		};
		5D8568AA1B3B1DCF00582211 /* DownloadProgress */ = {
			isa = PBXGroup;
			children = (
				5D8568AF1B3B1DCF00582211 /* AppDelegate.h */,
				5D8568B01B3B1DCF00582211 /* AppDelegate.m */,
				5D8568B51B3B1DCF00582211 /* ViewController.h */,
				5D8568B61B3B1DCF00582211 /* ViewController.m */,
				5D8568B81B3B1DCF00582211 /* Main.storyboard */,
				5D8568BB1B3B1DCF00582211 /* Images.xcassets */,
				5D8568BD1B3B1DCF00582211 /* LaunchScreen.xib */,
				5D8568B21B3B1DCF00582211 /* DownloadProgress.xcdatamodeld */,
				5D8568AB1B3B1DCF00582211 /* Supporting Files */,
			);
			path = DownloadProgress;
			sourceTree = "<group>";
		};
		5D8568AB1B3B1DCF00582211 /* Supporting Files */ = {
			isa = PBXGroup;
			children = (
				5D8568AC1B3B1DCF00582211 /* Info.plist */,
				5D8568AD1B3B1DCF00582211 /* main.m */,
			);
			name = "Supporting Files";
			sourceTree = "<group>";
		};
		5D8568C71B3B1DCF00582211 /* DownloadProgressTests */ = {
			isa = PBXGroup;
			children = (
				5D8568CA1B3B1DCF00582211 /* DownloadProgressTests.m */,
				5D8568C81B3B1DCF00582211 /* Supporting Files */,
			);
			path = DownloadProgressTests;
			sourceTree = "<group>";
		};
		5D8568C81B3B1DCF00582211 /* Supporting Files */ = {
			isa = PBXGroup;
			children = (
				5D8568C91B3B1DCF00582211 /* Info.plist */,
			);
			name = "Supporting Files";
			sourceTree = "<group>";
		};
/* End PBXGroup section */

/* Begin PBXNativeTarget section */
		5D8568A71B3B1DCF00582211 /* DownloadProgress */ = {
			isa = PBXNativeTarget;
			buildConfigurationList = 5D8568CE1B3B1DCF00582211 /* Build configuration list for PBXNativeTarget "DownloadProgress" */;
			buildPhases = (
				5D8568A41B3B1DCF00582211 /* Sources */,
				5D8568A51B3B1DCF00582211 /* Frameworks */,
				5D8568A61B3B1DCF00582211 /* Resources */,
			);
			buildRules = (
			);
			dependencies = (
			);
			name = DownloadProgress;
			productName = DownloadProgress;
			productReference = 5D8568A81B3B1DCF00582211 /* DownloadProgress.app */;
			productType = "com.apple.product-type.application";
		};
		5D8568C31B3B1DCF00582211 /* DownloadProgressTests */ = {
			isa = PBXNativeTarget;
			buildConfigurationList = 5D8568D11B3B1DCF00582211 /* Build configuration list for PBXNativeTarget "DownloadProgressTests" */;
			buildPhases = (
				5D8568C01B3B1DCF00582211 /* Sources */,
				5D8568C11B3B1DCF00582211 /* Frameworks */,
				5D8568C21B3B1DCF00582211 /* Resources */,
			);
			buildRules = (
			);
			dependencies = (
				5D8568C61B3B1DCF00582211 /* PBXTargetDependency */,
			);
			name = DownloadProgressTests;
			productName = DownloadProgressTests;
			productReference = 5D8568C41B3B1DCF00582211 /* DownloadProgressTests.xctest */;
			productType = "com.apple.product-type.bundle.unit-test";
		};
/* End PBXNativeTarget section */

/* Begin PBXProject section */
		5D8568A01B3B1DCF00582211 /* Project object */ = {
			isa = PBXProject;
			attributes = {
				LastUpgradeCheck = 0630;
				ORGANIZATIONNAME = "NA LLC.";
				TargetAttributes = {
					5D8568A71B3B1DCF00582211 = {
						CreatedOnToolsVersion = 6.3.2;
					};
					5D8568C31B3B1DCF00582211 = {
						CreatedOnToolsVersion = 6.3.2;
						TestTargetID = 5D8568A71B3B1DCF00582211;
					};
				};
			};
			buildConfigurationList = 5D8568A31B3B1DCF00582211 /* Build configuration list for PBXProject "DownloadProgress" */;
			compatibilityVersion = "Xcode 3.2";
			developmentRegion = English;
			hasScannedForEncodings = 0;
			knownRegions = (
				en,
				Base,
			);
			mainGroup = 5D85689F1B3B1DCF00582211;
			productRefGroup = 5D8568A91B3B1DCF00582211 /* Products */;
			projectDirPath = "";
			projectRoot = "";
			targets = (
				5D8568A71B3B1DCF00582211 /* DownloadProgress */,
				5D8568C31B3B1DCF00582211 /* DownloadProgressTests */,
			);
		};
/* End PBXProject section */

/* Begin PBXResourcesBuildPhase section */
		5D8568A61B3B1DCF00582211 /* Resources */ = {
			isa = PBXResourcesBuildPhase;
			buildActionMask = 2147483647;
			files = (
				5D8568BA1B3B1DCF00582211 /* Main.storyboard in Resources */,
				5D8568BF1B3B1DCF00582211 /* LaunchScreen.xib in Resources */,
				5D8568BC1B3B1DCF00582211 /* Images.xcassets in Resources */,
			);
			runOnlyForDeploymentPostprocessing = 0;
		};
		5D8568C21B3B1DCF00582211 /* Resources */ = {
			isa = PBXResourcesBuildPhase;
			buildActionMask = 2147483647;
			files = (
			);
			runOnlyForDeploymentPostprocessing = 0;
		};
/* End PBXResourcesBuildPhase section */

/* Begin PBXSourcesBuildPhase section */
		5D8568A41B3B1DCF00582211 /* Sources */ = {
			isa = PBXSourcesBuildPhase;
			buildActionMask = 2147483647;
			files = (
				5D8568B11B3B1DCF00582211 /* AppDelegate.m in Sources */,
				5D8568AE1B3B1DCF00582211 /* main.m in Sources */,
				5D8568B71B3B1DCF00582211 /* ViewController.m in Sources */,
				5D8568B41B3B1DCF00582211 /* DownloadProgress.xcdatamodeld in Sources */,
			);
			runOnlyForDeploymentPostprocessing = 0;
		};
		5D8568C01B3B1DCF00582211 /* Sources */ = {
			isa = PBXSourcesBuildPhase;
			buildActionMask = 2147483647;
			files = (
				5D8568CB1B3B1DCF00582211 /* DownloadProgressTests.m in Sources */,
			);
			runOnlyForDeploymentPostprocessing = 0;
		};
/* End PBXSourcesBuildPhase section */

/* Begin PBXTargetDependency section */
		5D8568C61B3B1DCF00582211 /* PBXTargetDependency */ = {
			isa = PBXTargetDependency;
			target = 5D8568A71B3B1DCF00582211 /* DownloadProgress */;
			targetProxy = 5D8568C51B3B1DCF00582211 /* PBXContainerItemProxy */;
		};
/* End PBXTargetDependency section */

/* Begin PBXVariantGroup section */
		5D8568B81B3B1DCF00582211 /* Main.storyboard */ = {
			isa = PBXVariantGroup;
			children = (
				5D8568B91B3B1DCF00582211 /* Base */,
			);
			name = Main.storyboard;
			sourceTree = "<group>";
		};
		5D8568BD1B3B1DCF00582211 /* LaunchScreen.xib */ = {
			isa = PBXVariantGroup;
			children = (
				5D8568BE1B3B1DCF00582211 /* Base */,
			);
			name = LaunchScreen.xib;
			sourceTree = "<group>";
		};
/* End PBXVariantGroup section */

/* Begin XCBuildConfiguration section */
		5D8568CC1B3B1DCF00582211 /* Debug */ = {
			isa = XCBuildConfiguration;
			buildSettings = {
				ALWAYS_SEARCH_USER_PATHS = NO;
				CLANG_CXX_LANGUAGE_STANDARD = "gnu++0x";
				CLANG_CXX_LIBRARY = "libc++";
				CLANG_ENABLE_MODULES = YES;
				CLANG_ENABLE_OBJC_ARC = YES;
				CLANG_WARN_BOOL_CONVERSION = YES;
				CLANG_WARN_CONSTANT_CONVERSION = YES;
				CLANG_WARN_DIRECT_OBJC_ISA_USAGE = YES_ERROR;
				CLANG_WARN_EMPTY_BODY = YES;
				CLANG_WARN_ENUM_CONVERSION = YES;
				CLANG_WARN_INT_CONVERSION = YES;
				CLANG_WARN_OBJC_ROOT_CLASS = YES_ERROR;
				CLANG_WARN_UNREACHABLE_CODE = YES;
				CLANG_WARN__DUPLICATE_METHOD_MATCH = YES;
				"CODE_SIGN_IDENTITY[sdk=iphoneos*]" = "iPhone Developer";
				COPY_PHASE_STRIP = NO;
				DEBUG_INFORMATION_FORMAT = "dwarf-with-dsym";
				ENABLE_STRICT_OBJC_MSGSEND = YES;
				GCC_C_LANGUAGE_STANDARD = gnu99;
				GCC_DYNAMIC_NO_PIC = NO;
				GCC_NO_COMMON_BLOCKS = YES;
				GCC_OPTIMIZATION_LEVEL = 0;
				GCC_PREPROCESSOR_DEFINITIONS = (
					"DEBUG=1",
					"$(inherited)",
				);
				GCC_SYMBOLS_PRIVATE_EXTERN = NO;
				GCC_WARN_64_TO_32_BIT_CONVERSION = YES;
				GCC_WARN_ABOUT_RETURN_TYPE = YES_ERROR;
				GCC_WARN_UNDECLARED_SELECTOR = YES;
				GCC_WARN_UNINITIALIZED_AUTOS = YES_AGGRESSIVE;
				GCC_WARN_UNUSED_FUNCTION = YES;
				GCC_WARN_UNUSED_VARIABLE = YES;
				IPHONEOS_DEPLOYMENT_TARGET = 8.3;
				MTL_ENABLE_DEBUG_INFO = YES;
				ONLY_ACTIVE_ARCH = YES;
				SDKROOT = iphoneos;
				TARGETED_DEVICE_FAMILY = "1,2";
			};
			name = Debug;
		};
		5D8568CD1B3B1DCF00582211 /* Release */ = {
			isa = XCBuildConfiguration;
			buildSettings = {
				ALWAYS_SEARCH_USER_PATHS = NO;
				CLANG_CXX_LANGUAGE_STANDARD = "gnu++0x";
				CLANG_CXX_LIBRARY = "libc++";
				CLANG_ENABLE_MODULES = YES;
				CLANG_ENABLE_OBJC_ARC = YES;
				CLANG_WARN_BOOL_CONVERSION = YES;
				CLANG_WARN_CONSTANT_CONVERSION = YES;
				CLANG_WARN_DIRECT_OBJC_ISA_USAGE = YES_ERROR;
				CLANG_WARN_EMPTY_BODY = YES;
				CLANG_WARN_ENUM_CONVERSION = YES;
				CLANG_WARN_INT_CONVERSION = YES;
				CLANG_WARN_OBJC_ROOT_CLASS = YES_ERROR;
				CLANG_WARN_UNREACHABLE_CODE = YES;
				CLANG_WARN__DUPLICATE_METHOD_MATCH = YES;
				"CODE_SIGN_IDENTITY[sdk=iphoneos*]" = "iPhone Developer";
				COPY_PHASE_STRIP = NO;
				DEBUG_INFORMATION_FORMAT = "dwarf-with-dsym";
				ENABLE_NS_ASSERTIONS = NO;
				ENABLE_STRICT_OBJC_MSGSEND = YES;
				GCC_C_LANGUAGE_STANDARD = gnu99;
				GCC_NO_COMMON_BLOCKS = YES;
				GCC_WARN_64_TO_32_BIT_CONVERSION = YES;
				GCC_WARN_ABOUT_RETURN_TYPE = YES_ERROR;
				GCC_WARN_UNDECLARED_SELECTOR = YES;
				GCC_WARN_UNINITIALIZED_AUTOS = YES_AGGRESSIVE;
				GCC_WARN_UNUSED_FUNCTION = YES;
				GCC_WARN_UNUSED_VARIABLE = YES;
				IPHONEOS_DEPLOYMENT_TARGET = 8.3;
				MTL_ENABLE_DEBUG_INFO = NO;
				SDKROOT = iphoneos;
				TARGETED_DEVICE_FAMILY = "1,2";
				VALIDATE_PRODUCT = YES;
			};
			name = Release;
		};
		5D8568CF1B3B1DCF00582211 /* Debug */ = {
			isa = XCBuildConfiguration;
			buildSettings = {
				ASSETCATALOG_COMPILER_APPICON_NAME = AppIcon;
				INFOPLIST_FILE = DownloadProgress/Info.plist;
				LD_RUNPATH_SEARCH_PATHS = "$(inherited) @executable_path/Frameworks";
				PRODUCT_NAME = "$(TARGET_NAME)";
			};
			name = Debug;
		};
		5D8568D01B3B1DCF00582211 /* Release */ = {
			isa = XCBuildConfiguration;
			buildSettings = {
				ASSETCATALOG_COMPILER_APPICON_NAME = AppIcon;
				INFOPLIST_FILE = DownloadProgress/Info.plist;
				LD_RUNPATH_SEARCH_PATHS = "$(inherited) @executable_path/Frameworks";
				PRODUCT_NAME = "$(TARGET_NAME)";
			};
			name = Release;
		};
		5D8568D21B3B1DCF00582211 /* Debug */ = {
			isa = XCBuildConfiguration;
			buildSettings = {
				BUNDLE_LOADER = "$(TEST_HOST)";
				FRAMEWORK_SEARCH_PATHS = (
					"$(SDKROOT)/Developer/Library/Frameworks",
					"$(inherited)",
				);
				GCC_PREPROCESSOR_DEFINITIONS = (
					"DEBUG=1",
					"$(inherited)",
				);
				INFOPLIST_FILE = DownloadProgressTests/Info.plist;
				LD_RUNPATH_SEARCH_PATHS = "$(inherited) @executable_path/Frameworks @loader_path/Frameworks";
				PRODUCT_NAME = "$(TARGET_NAME)";
				TEST_HOST = "$(BUILT_PRODUCTS_DIR)/DownloadProgress.app/DownloadProgress";
			};
			name = Debug;
		};
		5D8568D31B3B1DCF00582211 /* Release */ = {
			isa = XCBuildConfiguration;
			buildSettings = {
				BUNDLE_LOADER = "$(TEST_HOST)";
				FRAMEWORK_SEARCH_PATHS = (
					"$(SDKROOT)/Developer/Library/Frameworks",
					"$(inherited)",
				);
				INFOPLIST_FILE = DownloadProgressTests/Info.plist;
				LD_RUNPATH_SEARCH_PATHS = "$(inherited) @executable_path/Frameworks @loader_path/Frameworks";
				PRODUCT_NAME = "$(TARGET_NAME)";
				TEST_HOST = "$(BUILT_PRODUCTS_DIR)/DownloadProgress.app/DownloadProgress";
			};
			name = Release;
		};
/* End XCBuildConfiguration section */

/* Begin XCConfigurationList section */
		5D8568A31B3B1DCF00582211 /* Build configuration list for PBXProject "DownloadProgress" */ = {
			isa = XCConfigurationList;
			buildConfigurations = (
				5D8568CC1B3B1DCF00582211 /* Debug */,
				5D8568CD1B3B1DCF00582211 /* Release */,
			);
			defaultConfigurationIsVisible = 0;
			defaultConfigurationName = Release;
		};
		5D8568CE1B3B1DCF00582211 /* Build configuration list for PBXNativeTarget "DownloadProgress" */ = {
			isa = XCConfigurationList;
			buildConfigurations = (
				5D8568CF1B3B1DCF00582211 /* Debug */,
				5D8568D01B3B1DCF00582211 /* Release */,
			);
			defaultConfigurationIsVisible = 0;
		};
		5D8568D11B3B1DCF00582211 /* Build configuration list for PBXNativeTarget "DownloadProgressTests" */ = {
			isa = XCConfigurationList;
			buildConfigurations = (
				5D8568D21B3B1DCF00582211 /* Debug */,
				5D8568D31B3B1DCF00582211 /* Release */,
			);
			defaultConfigurationIsVisible = 0;
		};
/* End XCConfigurationList section */

/* Begin XCVersionGroup section */
		5D8568B21B3B1DCF00582211 /* DownloadProgress.xcdatamodeld */ = {
			isa = XCVersionGroup;
			children = (
				5D8568B31B3B1DCF00582211 /* DownloadProgress.xcdatamodel */,
			);
			currentVersion = 5D8568B31B3B1DCF00582211 /* DownloadProgress.xcdatamodel */;
			path = DownloadProgress.xcdatamodeld;
			sourceTree = "<group>";
			versionGroupType = wrapper.xcdatamodel;
		};
/* End XCVersionGroup section */
	};
	rootObject = 5D8568A01B3B1DCF00582211 /* Project object */;
}
